// !$*UTF8*$!
{
	archiveVersion = 1;
	classes = {
	};
	objectVersion = 50;
	objects = {

/* Begin PBXBuildFile section */
		A10E2215244F766800F3AF52 /* ItemInfoRow.swift in Sources */ = {isa = PBXBuildFile; fileRef = A10E2214244F766800F3AF52 /* ItemInfoRow.swift */; };
		A10E2217244F77DF00F3AF52 /* HomeView.swift in Sources */ = {isa = PBXBuildFile; fileRef = A10E2216244F77DF00F3AF52 /* HomeView.swift */; };
		A10E2219244F8B1F00F3AF52 /* Client.swift in Sources */ = {isa = PBXBuildFile; fileRef = A10E2218244F8B1F00F3AF52 /* Client.swift */; };
		A10E221B244F8C3400F3AF52 /* RecipeList.swift in Sources */ = {isa = PBXBuildFile; fileRef = A10E221A244F8C3400F3AF52 /* RecipeList.swift */; };
		A10E221D244F8CCC00F3AF52 /* RecipeRow.swift in Sources */ = {isa = PBXBuildFile; fileRef = A10E221C244F8CCC00F3AF52 /* RecipeRow.swift */; };
		A112D3E224522F73008A7740 /* BuiltInExtensions.swift in Sources */ = {isa = PBXBuildFile; fileRef = A112D3E124522F73008A7740 /* BuiltInExtensions.swift */; };
		A11C8841246F3F0B004FDF2A /* CategoryModel.swift in Sources */ = {isa = PBXBuildFile; fileRef = A11C8840246F3F0B004FDF2A /* CategoryModel.swift */; };
		A11C8843246F3F47004FDF2A /* CategoryClassifier.mlmodel in Sources */ = {isa = PBXBuildFile; fileRef = A11C8842246F3F47004FDF2A /* CategoryClassifier.mlmodel */; };
		A11C8845246F5306004FDF2A /* GraphView.swift in Sources */ = {isa = PBXBuildFile; fileRef = A11C8844246F5306004FDF2A /* GraphView.swift */; };
		A11F4DBD2463236D00566CDE /* IngredientManagerTests.swift in Sources */ = {isa = PBXBuildFile; fileRef = A11F4DBC2463236D00566CDE /* IngredientManagerTests.swift */; };
		A1330A0A245B7EB200538F1B /* Comic Sans MS.ttf in Resources */ = {isa = PBXBuildFile; fileRef = A1330A09245B7EB200538F1B /* Comic Sans MS.ttf */; };
		A13FBFC2245DD89900496633 /* UserPreference.swift in Sources */ = {isa = PBXBuildFile; fileRef = A13FBFC1245DD89900496633 /* UserPreference.swift */; };
		A13FBFC6245E2DA700496633 /* FilterManager.swift in Sources */ = {isa = PBXBuildFile; fileRef = A13FBFC5245E2DA700496633 /* FilterManager.swift */; };
		A146A3DF24578AA1005F0916 /* FreshFood.xcdatamodeld in Sources */ = {isa = PBXBuildFile; fileRef = A146A3DD24578AA1005F0916 /* FreshFood.xcdatamodeld */; };
		A177AA57245E42F90056E174 /* Filter.swift in Sources */ = {isa = PBXBuildFile; fileRef = A177AA56245E42F90056E174 /* Filter.swift */; };
		A177AA59245E572C0056E174 /* SuccessIcon.swift in Sources */ = {isa = PBXBuildFile; fileRef = A177AA58245E572C0056E174 /* SuccessIcon.swift */; };
		A19B184A2457CBFA009C59A1 /* ItemRow.swift in Sources */ = {isa = PBXBuildFile; fileRef = A19B18492457CBFA009C59A1 /* ItemRow.swift */; };
		A1B8CEE8244E5B1800BC445A /* DetailView.swift in Sources */ = {isa = PBXBuildFile; fileRef = A1B8CEE7244E5B1800BC445A /* DetailView.swift */; };
		A1B8CEEC244E5D1B00BC445A /* AddItemView.swift in Sources */ = {isa = PBXBuildFile; fileRef = A1B8CEEB244E5D1B00BC445A /* AddItemView.swift */; };
		A1BD53872459CA3B0046EECD /* IngredientManager.swift in Sources */ = {isa = PBXBuildFile; fileRef = A1BD53862459CA3B0046EECD /* IngredientManager.swift */; };
		A1C1FE062461ED330055D119 /* EditableInfoRow.swift in Sources */ = {isa = PBXBuildFile; fileRef = A1C1FE052461ED330055D119 /* EditableInfoRow.swift */; };
		A1D227012450D4F300566A1C /* WebView.swift in Sources */ = {isa = PBXBuildFile; fileRef = A1D227002450D4F300566A1C /* WebView.swift */; };
		A1D227032450D77F00566A1C /* RecipeWebView.swift in Sources */ = {isa = PBXBuildFile; fileRef = A1D227022450D77F00566A1C /* RecipeWebView.swift */; };
		A1D227052450E01400566A1C /* Recipe.swift in Sources */ = {isa = PBXBuildFile; fileRef = A1D227042450E01400566A1C /* Recipe.swift */; };
		A1F24E86244CB873007AF4FF /* AppDelegate.swift in Sources */ = {isa = PBXBuildFile; fileRef = A1F24E85244CB873007AF4FF /* AppDelegate.swift */; };
		A1F24E88244CB873007AF4FF /* SceneDelegate.swift in Sources */ = {isa = PBXBuildFile; fileRef = A1F24E87244CB873007AF4FF /* SceneDelegate.swift */; };
		A1F24E8A244CB873007AF4FF /* ListView.swift in Sources */ = {isa = PBXBuildFile; fileRef = A1F24E89244CB873007AF4FF /* ListView.swift */; };
		A1F24E8C244CB875007AF4FF /* Assets.xcassets in Resources */ = {isa = PBXBuildFile; fileRef = A1F24E8B244CB875007AF4FF /* Assets.xcassets */; };
		A1F24E8F244CB875007AF4FF /* Preview Assets.xcassets in Resources */ = {isa = PBXBuildFile; fileRef = A1F24E8E244CB875007AF4FF /* Preview Assets.xcassets */; };
		A1F24E92244CB875007AF4FF /* LaunchScreen.storyboard in Resources */ = {isa = PBXBuildFile; fileRef = A1F24E90244CB875007AF4FF /* LaunchScreen.storyboard */; };
		A1F24E9D244CB876007AF4FF /* Fresh_FoodTests.swift in Sources */ = {isa = PBXBuildFile; fileRef = A1F24E9C244CB876007AF4FF /* Fresh_FoodTests.swift */; };
		A1F24EA8244CB876007AF4FF /* Fresh_FoodUITests.swift in Sources */ = {isa = PBXBuildFile; fileRef = A1F24EA7244CB876007AF4FF /* Fresh_FoodUITests.swift */; };
		A1F71B99245B350500153EC1 /* Comic Sans MS Bold.ttf in Resources */ = {isa = PBXBuildFile; fileRef = A1F71B98245B350500153EC1 /* Comic Sans MS Bold.ttf */; };
		A1F71B9B245B529800153EC1 /* SelectionView.swift in Sources */ = {isa = PBXBuildFile; fileRef = A1F71B9A245B529800153EC1 /* SelectionView.swift */; };
/* End PBXBuildFile section */

/* Begin PBXContainerItemProxy section */
		A1F24E99244CB876007AF4FF /* PBXContainerItemProxy */ = {
			isa = PBXContainerItemProxy;
			containerPortal = A1F24E7A244CB873007AF4FF /* Project object */;
			proxyType = 1;
			remoteGlobalIDString = A1F24E81244CB873007AF4FF;
			remoteInfo = "Fresh Food";
		};
		A1F24EA4244CB876007AF4FF /* PBXContainerItemProxy */ = {
			isa = PBXContainerItemProxy;
			containerPortal = A1F24E7A244CB873007AF4FF /* Project object */;
			proxyType = 1;
			remoteGlobalIDString = A1F24E81244CB873007AF4FF;
			remoteInfo = "Fresh Food";
		};
/* End PBXContainerItemProxy section */

/* Begin PBXFileReference section */
		A10E2214244F766800F3AF52 /* ItemInfoRow.swift */ = {isa = PBXFileReference; fileEncoding = 4; lastKnownFileType = sourcecode.swift; path = ItemInfoRow.swift; sourceTree = "<group>"; };
		A10E2216244F77DF00F3AF52 /* HomeView.swift */ = {isa = PBXFileReference; lastKnownFileType = sourcecode.swift; path = HomeView.swift; sourceTree = "<group>"; };
		A10E2218244F8B1F00F3AF52 /* Client.swift */ = {isa = PBXFileReference; lastKnownFileType = sourcecode.swift; path = Client.swift; sourceTree = "<group>"; };
		A10E221A244F8C3400F3AF52 /* RecipeList.swift */ = {isa = PBXFileReference; lastKnownFileType = sourcecode.swift; path = RecipeList.swift; sourceTree = "<group>"; };
		A10E221C244F8CCC00F3AF52 /* RecipeRow.swift */ = {isa = PBXFileReference; lastKnownFileType = sourcecode.swift; path = RecipeRow.swift; sourceTree = "<group>"; };
		A112D3E124522F73008A7740 /* BuiltInExtensions.swift */ = {isa = PBXFileReference; lastKnownFileType = sourcecode.swift; path = BuiltInExtensions.swift; sourceTree = "<group>"; };
		A11C8840246F3F0B004FDF2A /* CategoryModel.swift */ = {isa = PBXFileReference; lastKnownFileType = sourcecode.swift; path = CategoryModel.swift; sourceTree = "<group>"; };
		A11C8842246F3F47004FDF2A /* CategoryClassifier.mlmodel */ = {isa = PBXFileReference; lastKnownFileType = file.mlmodel; path = CategoryClassifier.mlmodel; sourceTree = "<group>"; };
		A11C8844246F5306004FDF2A /* GraphView.swift */ = {isa = PBXFileReference; lastKnownFileType = sourcecode.swift; path = GraphView.swift; sourceTree = "<group>"; };
		A11F4DBC2463236D00566CDE /* IngredientManagerTests.swift */ = {isa = PBXFileReference; lastKnownFileType = sourcecode.swift; path = IngredientManagerTests.swift; sourceTree = "<group>"; };
		A1330A09245B7EB200538F1B /* Comic Sans MS.ttf */ = {isa = PBXFileReference; lastKnownFileType = file; path = "Comic Sans MS.ttf"; sourceTree = "<group>"; };
		A13FBFC1245DD89900496633 /* UserPreference.swift */ = {isa = PBXFileReference; lastKnownFileType = sourcecode.swift; path = UserPreference.swift; sourceTree = "<group>"; };
		A13FBFC5245E2DA700496633 /* FilterManager.swift */ = {isa = PBXFileReference; fileEncoding = 4; lastKnownFileType = sourcecode.swift; path = FilterManager.swift; sourceTree = "<group>"; };
		A146A3DE24578AA1005F0916 /* FreshFood.xcdatamodel */ = {isa = PBXFileReference; lastKnownFileType = wrapper.xcdatamodel; path = FreshFood.xcdatamodel; sourceTree = "<group>"; };
		A177AA56245E42F90056E174 /* Filter.swift */ = {isa = PBXFileReference; lastKnownFileType = sourcecode.swift; path = Filter.swift; sourceTree = "<group>"; };
		A177AA58245E572C0056E174 /* SuccessIcon.swift */ = {isa = PBXFileReference; lastKnownFileType = sourcecode.swift; path = SuccessIcon.swift; sourceTree = "<group>"; };
		A19B18492457CBFA009C59A1 /* ItemRow.swift */ = {isa = PBXFileReference; lastKnownFileType = sourcecode.swift; path = ItemRow.swift; sourceTree = "<group>"; };
		A1B8CEE7244E5B1800BC445A /* DetailView.swift */ = {isa = PBXFileReference; lastKnownFileType = sourcecode.swift; path = DetailView.swift; sourceTree = "<group>"; };
		A1B8CEEB244E5D1B00BC445A /* AddItemView.swift */ = {isa = PBXFileReference; lastKnownFileType = sourcecode.swift; path = AddItemView.swift; sourceTree = "<group>"; };
		A1BD53862459CA3B0046EECD /* IngredientManager.swift */ = {isa = PBXFileReference; lastKnownFileType = sourcecode.swift; path = IngredientManager.swift; sourceTree = "<group>"; };
		A1C1FE052461ED330055D119 /* EditableInfoRow.swift */ = {isa = PBXFileReference; lastKnownFileType = sourcecode.swift; path = EditableInfoRow.swift; sourceTree = "<group>"; };
		A1D227002450D4F300566A1C /* WebView.swift */ = {isa = PBXFileReference; lastKnownFileType = sourcecode.swift; path = WebView.swift; sourceTree = "<group>"; };
		A1D227022450D77F00566A1C /* RecipeWebView.swift */ = {isa = PBXFileReference; lastKnownFileType = sourcecode.swift; path = RecipeWebView.swift; sourceTree = "<group>"; };
		A1D227042450E01400566A1C /* Recipe.swift */ = {isa = PBXFileReference; lastKnownFileType = sourcecode.swift; path = Recipe.swift; sourceTree = "<group>"; };
		A1F24E82244CB873007AF4FF /* Fresh Food.app */ = {isa = PBXFileReference; explicitFileType = wrapper.application; includeInIndex = 0; path = "Fresh Food.app"; sourceTree = BUILT_PRODUCTS_DIR; };
		A1F24E85244CB873007AF4FF /* AppDelegate.swift */ = {isa = PBXFileReference; lastKnownFileType = sourcecode.swift; path = AppDelegate.swift; sourceTree = "<group>"; };
		A1F24E87244CB873007AF4FF /* SceneDelegate.swift */ = {isa = PBXFileReference; lastKnownFileType = sourcecode.swift; path = SceneDelegate.swift; sourceTree = "<group>"; };
		A1F24E89244CB873007AF4FF /* ListView.swift */ = {isa = PBXFileReference; lastKnownFileType = sourcecode.swift; path = ListView.swift; sourceTree = "<group>"; };
		A1F24E8B244CB875007AF4FF /* Assets.xcassets */ = {isa = PBXFileReference; lastKnownFileType = folder.assetcatalog; path = Assets.xcassets; sourceTree = "<group>"; };
		A1F24E8E244CB875007AF4FF /* Preview Assets.xcassets */ = {isa = PBXFileReference; lastKnownFileType = folder.assetcatalog; path = "Preview Assets.xcassets"; sourceTree = "<group>"; };
		A1F24E91244CB875007AF4FF /* Base */ = {isa = PBXFileReference; lastKnownFileType = file.storyboard; name = Base; path = Base.lproj/LaunchScreen.storyboard; sourceTree = "<group>"; };
		A1F24E93244CB875007AF4FF /* Info.plist */ = {isa = PBXFileReference; lastKnownFileType = text.plist.xml; path = Info.plist; sourceTree = "<group>"; };
		A1F24E98244CB876007AF4FF /* Fresh FoodTests.xctest */ = {isa = PBXFileReference; explicitFileType = wrapper.cfbundle; includeInIndex = 0; path = "Fresh FoodTests.xctest"; sourceTree = BUILT_PRODUCTS_DIR; };
		A1F24E9C244CB876007AF4FF /* Fresh_FoodTests.swift */ = {isa = PBXFileReference; lastKnownFileType = sourcecode.swift; path = Fresh_FoodTests.swift; sourceTree = "<group>"; };
		A1F24E9E244CB876007AF4FF /* Info.plist */ = {isa = PBXFileReference; lastKnownFileType = text.plist.xml; path = Info.plist; sourceTree = "<group>"; };
		A1F24EA3244CB876007AF4FF /* Fresh FoodUITests.xctest */ = {isa = PBXFileReference; explicitFileType = wrapper.cfbundle; includeInIndex = 0; path = "Fresh FoodUITests.xctest"; sourceTree = BUILT_PRODUCTS_DIR; };
		A1F24EA7244CB876007AF4FF /* Fresh_FoodUITests.swift */ = {isa = PBXFileReference; lastKnownFileType = sourcecode.swift; path = Fresh_FoodUITests.swift; sourceTree = "<group>"; };
		A1F24EA9244CB876007AF4FF /* Info.plist */ = {isa = PBXFileReference; lastKnownFileType = text.plist.xml; path = Info.plist; sourceTree = "<group>"; };
		A1F71B98245B350500153EC1 /* Comic Sans MS Bold.ttf */ = {isa = PBXFileReference; lastKnownFileType = file; path = "Comic Sans MS Bold.ttf"; sourceTree = "<group>"; };
		A1F71B9A245B529800153EC1 /* SelectionView.swift */ = {isa = PBXFileReference; lastKnownFileType = sourcecode.swift; path = SelectionView.swift; sourceTree = "<group>"; };
/* End PBXFileReference section */

/* Begin PBXFrameworksBuildPhase section */
		A1F24E7F244CB873007AF4FF /* Frameworks */ = {
			isa = PBXFrameworksBuildPhase;
			buildActionMask = 2147483647;
			files = (
			);
			runOnlyForDeploymentPostprocessing = 0;
		};
		A1F24E95244CB876007AF4FF /* Frameworks */ = {
			isa = PBXFrameworksBuildPhase;
			buildActionMask = 2147483647;
			files = (
			);
			runOnlyForDeploymentPostprocessing = 0;
		};
		A1F24EA0244CB876007AF4FF /* Frameworks */ = {
			isa = PBXFrameworksBuildPhase;
			buildActionMask = 2147483647;
			files = (
			);
			runOnlyForDeploymentPostprocessing = 0;
		};
/* End PBXFrameworksBuildPhase section */

/* Begin PBXGroup section */
		A12BB707245144F0009C3746 /* Views */ = {
			isa = PBXGroup;
			children = (
				A10E2216244F77DF00F3AF52 /* HomeView.swift */,
				A1F24E89244CB873007AF4FF /* ListView.swift */,
				A1B8CEE7244E5B1800BC445A /* DetailView.swift */,
				A10E221A244F8C3400F3AF52 /* RecipeList.swift */,
				A1F71B9A245B529800153EC1 /* SelectionView.swift */,
				A1D227022450D77F00566A1C /* RecipeWebView.swift */,
				A11C8844246F5306004FDF2A /* GraphView.swift */,
			);
			path = Views;
			sourceTree = "<group>";
		};
		A1776DE624645A210005D632 /* Fonts */ = {
			isa = PBXGroup;
			children = (
				A1F71B98245B350500153EC1 /* Comic Sans MS Bold.ttf */,
				A1330A09245B7EB200538F1B /* Comic Sans MS.ttf */,
			);
			path = Fonts;
			sourceTree = "<group>";
		};
		A1B8CEEA244E5D0B00BC445A /* Components */ = {
			isa = PBXGroup;
			children = (
				A10E2214244F766800F3AF52 /* ItemInfoRow.swift */,
				A1C1FE052461ED330055D119 /* EditableInfoRow.swift */,
				A1B8CEEB244E5D1B00BC445A /* AddItemView.swift */,
				A10E221C244F8CCC00F3AF52 /* RecipeRow.swift */,
				A19B18492457CBFA009C59A1 /* ItemRow.swift */,
				A1D227002450D4F300566A1C /* WebView.swift */,
				A177AA58245E572C0056E174 /* SuccessIcon.swift */,
			);
			path = Components;
			sourceTree = "<group>";
		};
		A1F24E79244CB873007AF4FF = {
			isa = PBXGroup;
			children = (
				A1F24E84244CB873007AF4FF /* Fresh Food */,
				A1F24E9B244CB876007AF4FF /* Fresh FoodTests */,
				A1F24EA6244CB876007AF4FF /* Fresh FoodUITests */,
				A1F24E83244CB873007AF4FF /* Products */,
			);
			sourceTree = "<group>";
		};
		A1F24E83244CB873007AF4FF /* Products */ = {
			isa = PBXGroup;
			children = (
				A1F24E82244CB873007AF4FF /* Fresh Food.app */,
				A1F24E98244CB876007AF4FF /* Fresh FoodTests.xctest */,
				A1F24EA3244CB876007AF4FF /* Fresh FoodUITests.xctest */,
			);
			name = Products;
			sourceTree = "<group>";
		};
		A1F24E84244CB873007AF4FF /* Fresh Food */ = {
			isa = PBXGroup;
			children = (
				A10E2218244F8B1F00F3AF52 /* Client.swift */,
				A1BD53862459CA3B0046EECD /* IngredientManager.swift */,
				A13FBFC5245E2DA700496633 /* FilterManager.swift */,
				A1B8CEEA244E5D0B00BC445A /* Components */,
				A12BB707245144F0009C3746 /* Views */,
				A1F24EB6244CD204007AF4FF /* Models */,
				A1776DE624645A210005D632 /* Fonts */,
				A1F24EB5244CB95D007AF4FF /* Supporting Files */,
				A1F24E8B244CB875007AF4FF /* Assets.xcassets */,
				A1F24E93244CB875007AF4FF /* Info.plist */,
				A1F24E8D244CB875007AF4FF /* Preview Content */,
				A112D3E124522F73008A7740 /* BuiltInExtensions.swift */,
				A146A3DD24578AA1005F0916 /* FreshFood.xcdatamodeld */,
				A11C8842246F3F47004FDF2A /* CategoryClassifier.mlmodel */,
			);
			path = "Fresh Food";
			sourceTree = "<group>";
		};
		A1F24E8D244CB875007AF4FF /* Preview Content */ = {
			isa = PBXGroup;
			children = (
				A1F24E8E244CB875007AF4FF /* Preview Assets.xcassets */,
			);
			path = "Preview Content";
			sourceTree = "<group>";
		};
		A1F24E9B244CB876007AF4FF /* Fresh FoodTests */ = {
			isa = PBXGroup;
			children = (
				A1F24E9C244CB876007AF4FF /* Fresh_FoodTests.swift */,
				A1F24E9E244CB876007AF4FF /* Info.plist */,
				A11F4DBC2463236D00566CDE /* IngredientManagerTests.swift */,
			);
			path = "Fresh FoodTests";
			sourceTree = "<group>";
		};
		A1F24EA6244CB876007AF4FF /* Fresh FoodUITests */ = {
			isa = PBXGroup;
			children = (
				A1F24EA7244CB876007AF4FF /* Fresh_FoodUITests.swift */,
				A1F24EA9244CB876007AF4FF /* Info.plist */,
			);
			path = "Fresh FoodUITests";
			sourceTree = "<group>";
		};
		A1F24EB5244CB95D007AF4FF /* Supporting Files */ = {
			isa = PBXGroup;
			children = (
				A1F24E85244CB873007AF4FF /* AppDelegate.swift */,
				A1F24E87244CB873007AF4FF /* SceneDelegate.swift */,
				A1F24E90244CB875007AF4FF /* LaunchScreen.storyboard */,
			);
			path = "Supporting Files";
			sourceTree = "<group>";
		};
		A1F24EB6244CD204007AF4FF /* Models */ = {
			isa = PBXGroup;
			children = (
				A13FBFC1245DD89900496633 /* UserPreference.swift */,
				A1D227042450E01400566A1C /* Recipe.swift */,
				A177AA56245E42F90056E174 /* Filter.swift */,
				A11C8840246F3F0B004FDF2A /* CategoryModel.swift */,
			);
			path = Models;
			sourceTree = "<group>";
		};
/* End PBXGroup section */

/* Begin PBXNativeTarget section */
		A1F24E81244CB873007AF4FF /* Fresh Food */ = {
			isa = PBXNativeTarget;
			buildConfigurationList = A1F24EAC244CB876007AF4FF /* Build configuration list for PBXNativeTarget "Fresh Food" */;
			buildPhases = (
				A1F24E7E244CB873007AF4FF /* Sources */,
				A1F24E7F244CB873007AF4FF /* Frameworks */,
				A1F24E80244CB873007AF4FF /* Resources */,
			);
			buildRules = (
			);
			dependencies = (
			);
			name = "Fresh Food";
			productName = "Fresh Food";
			productReference = A1F24E82244CB873007AF4FF /* Fresh Food.app */;
			productType = "com.apple.product-type.application";
		};
		A1F24E97244CB876007AF4FF /* Fresh FoodTests */ = {
			isa = PBXNativeTarget;
			buildConfigurationList = A1F24EAF244CB876007AF4FF /* Build configuration list for PBXNativeTarget "Fresh FoodTests" */;
			buildPhases = (
				A1F24E94244CB876007AF4FF /* Sources */,
				A1F24E95244CB876007AF4FF /* Frameworks */,
				A1F24E96244CB876007AF4FF /* Resources */,
			);
			buildRules = (
			);
			dependencies = (
				A1F24E9A244CB876007AF4FF /* PBXTargetDependency */,
			);
			name = "Fresh FoodTests";
			productName = "Fresh FoodTests";
			productReference = A1F24E98244CB876007AF4FF /* Fresh FoodTests.xctest */;
			productType = "com.apple.product-type.bundle.unit-test";
		};
		A1F24EA2244CB876007AF4FF /* Fresh FoodUITests */ = {
			isa = PBXNativeTarget;
			buildConfigurationList = A1F24EB2244CB876007AF4FF /* Build configuration list for PBXNativeTarget "Fresh FoodUITests" */;
			buildPhases = (
				A1F24E9F244CB876007AF4FF /* Sources */,
				A1F24EA0244CB876007AF4FF /* Frameworks */,
				A1F24EA1244CB876007AF4FF /* Resources */,
			);
			buildRules = (
			);
			dependencies = (
				A1F24EA5244CB876007AF4FF /* PBXTargetDependency */,
			);
			name = "Fresh FoodUITests";
			productName = "Fresh FoodUITests";
			productReference = A1F24EA3244CB876007AF4FF /* Fresh FoodUITests.xctest */;
			productType = "com.apple.product-type.bundle.ui-testing";
		};
/* End PBXNativeTarget section */

/* Begin PBXProject section */
		A1F24E7A244CB873007AF4FF /* Project object */ = {
			isa = PBXProject;
			attributes = {
				LastSwiftUpdateCheck = 1140;
				LastUpgradeCheck = 1140;
				ORGANIZATIONNAME = "Sajan Shrestha";
				TargetAttributes = {
					A1F24E81244CB873007AF4FF = {
						CreatedOnToolsVersion = 11.4.1;
					};
					A1F24E97244CB876007AF4FF = {
						CreatedOnToolsVersion = 11.4.1;
						TestTargetID = A1F24E81244CB873007AF4FF;
					};
					A1F24EA2244CB876007AF4FF = {
						CreatedOnToolsVersion = 11.4.1;
						TestTargetID = A1F24E81244CB873007AF4FF;
					};
				};
			};
			buildConfigurationList = A1F24E7D244CB873007AF4FF /* Build configuration list for PBXProject "Fresh Food" */;
			compatibilityVersion = "Xcode 9.3";
			developmentRegion = en;
			hasScannedForEncodings = 0;
			knownRegions = (
				en,
				Base,
			);
			mainGroup = A1F24E79244CB873007AF4FF;
			productRefGroup = A1F24E83244CB873007AF4FF /* Products */;
			projectDirPath = "";
			projectRoot = "";
			targets = (
				A1F24E81244CB873007AF4FF /* Fresh Food */,
				A1F24E97244CB876007AF4FF /* Fresh FoodTests */,
				A1F24EA2244CB876007AF4FF /* Fresh FoodUITests */,
			);
		};
/* End PBXProject section */

/* Begin PBXResourcesBuildPhase section */
		A1F24E80244CB873007AF4FF /* Resources */ = {
			isa = PBXResourcesBuildPhase;
			buildActionMask = 2147483647;
			files = (
				A1F24E92244CB875007AF4FF /* LaunchScreen.storyboard in Resources */,
				A1330A0A245B7EB200538F1B /* Comic Sans MS.ttf in Resources */,
				A1F24E8F244CB875007AF4FF /* Preview Assets.xcassets in Resources */,
				A1F24E8C244CB875007AF4FF /* Assets.xcassets in Resources */,
				A1F71B99245B350500153EC1 /* Comic Sans MS Bold.ttf in Resources */,
			);
			runOnlyForDeploymentPostprocessing = 0;
		};
		A1F24E96244CB876007AF4FF /* Resources */ = {
			isa = PBXResourcesBuildPhase;
			buildActionMask = 2147483647;
			files = (
			);
			runOnlyForDeploymentPostprocessing = 0;
		};
		A1F24EA1244CB876007AF4FF /* Resources */ = {
			isa = PBXResourcesBuildPhase;
			buildActionMask = 2147483647;
			files = (
			);
			runOnlyForDeploymentPostprocessing = 0;
		};
/* End PBXResourcesBuildPhase section */

/* Begin PBXSourcesBuildPhase section */
		A1F24E7E244CB873007AF4FF /* Sources */ = {
			isa = PBXSourcesBuildPhase;
			buildActionMask = 2147483647;
			files = (
				A1B8CEEC244E5D1B00BC445A /* AddItemView.swift in Sources */,
				A10E2219244F8B1F00F3AF52 /* Client.swift in Sources */,
				A1B8CEE8244E5B1800BC445A /* DetailView.swift in Sources */,
				A10E2215244F766800F3AF52 /* ItemInfoRow.swift in Sources */,
				A13FBFC6245E2DA700496633 /* FilterManager.swift in Sources */,
				A11C8843246F3F47004FDF2A /* CategoryClassifier.mlmodel in Sources */,
				A1D227032450D77F00566A1C /* RecipeWebView.swift in Sources */,
				A1F71B9B245B529800153EC1 /* SelectionView.swift in Sources */,
				A10E221D244F8CCC00F3AF52 /* RecipeRow.swift in Sources */,
				A19B184A2457CBFA009C59A1 /* ItemRow.swift in Sources */,
				A177AA59245E572C0056E174 /* SuccessIcon.swift in Sources */,
				A11C8841246F3F0B004FDF2A /* CategoryModel.swift in Sources */,
				A10E221B244F8C3400F3AF52 /* RecipeList.swift in Sources */,
				A146A3DF24578AA1005F0916 /* FreshFood.xcdatamodeld in Sources */,
				A10E2217244F77DF00F3AF52 /* HomeView.swift in Sources */,
				A177AA57245E42F90056E174 /* Filter.swift in Sources */,
				A1BD53872459CA3B0046EECD /* IngredientManager.swift in Sources */,
				A13FBFC2245DD89900496633 /* UserPreference.swift in Sources */,
				A1F24E86244CB873007AF4FF /* AppDelegate.swift in Sources */,
				A11C8845246F5306004FDF2A /* GraphView.swift in Sources */,
				A1F24E88244CB873007AF4FF /* SceneDelegate.swift in Sources */,
				A1D227012450D4F300566A1C /* WebView.swift in Sources */,
				A112D3E224522F73008A7740 /* BuiltInExtensions.swift in Sources */,
				A1F24E8A244CB873007AF4FF /* ListView.swift in Sources */,
				A1C1FE062461ED330055D119 /* EditableInfoRow.swift in Sources */,
				A1D227052450E01400566A1C /* Recipe.swift in Sources */,
			);
			runOnlyForDeploymentPostprocessing = 0;
		};
		A1F24E94244CB876007AF4FF /* Sources */ = {
			isa = PBXSourcesBuildPhase;
			buildActionMask = 2147483647;
			files = (
				A11F4DBD2463236D00566CDE /* IngredientManagerTests.swift in Sources */,
				A1F24E9D244CB876007AF4FF /* Fresh_FoodTests.swift in Sources */,
			);
			runOnlyForDeploymentPostprocessing = 0;
		};
		A1F24E9F244CB876007AF4FF /* Sources */ = {
			isa = PBXSourcesBuildPhase;
			buildActionMask = 2147483647;
			files = (
				A1F24EA8244CB876007AF4FF /* Fresh_FoodUITests.swift in Sources */,
			);
			runOnlyForDeploymentPostprocessing = 0;
		};
/* End PBXSourcesBuildPhase section */

/* Begin PBXTargetDependency section */
		A1F24E9A244CB876007AF4FF /* PBXTargetDependency */ = {
			isa = PBXTargetDependency;
			target = A1F24E81244CB873007AF4FF /* Fresh Food */;
			targetProxy = A1F24E99244CB876007AF4FF /* PBXContainerItemProxy */;
		};
		A1F24EA5244CB876007AF4FF /* PBXTargetDependency */ = {
			isa = PBXTargetDependency;
			target = A1F24E81244CB873007AF4FF /* Fresh Food */;
			targetProxy = A1F24EA4244CB876007AF4FF /* PBXContainerItemProxy */;
		};
/* End PBXTargetDependency section */

/* Begin PBXVariantGroup section */
		A1F24E90244CB875007AF4FF /* LaunchScreen.storyboard */ = {
			isa = PBXVariantGroup;
			children = (
				A1F24E91244CB875007AF4FF /* Base */,
			);
			name = LaunchScreen.storyboard;
			sourceTree = "<group>";
		};
/* End PBXVariantGroup section */

/* Begin XCBuildConfiguration section */
		A1F24EAA244CB876007AF4FF /* Debug */ = {
			isa = XCBuildConfiguration;
			buildSettings = {
				ALWAYS_SEARCH_USER_PATHS = NO;
				CLANG_ANALYZER_NONNULL = YES;
				CLANG_ANALYZER_NUMBER_OBJECT_CONVERSION = YES_AGGRESSIVE;
				CLANG_CXX_LANGUAGE_STANDARD = "gnu++14";
				CLANG_CXX_LIBRARY = "libc++";
				CLANG_ENABLE_MODULES = YES;
				CLANG_ENABLE_OBJC_ARC = YES;
				CLANG_ENABLE_OBJC_WEAK = YES;
				CLANG_WARN_BLOCK_CAPTURE_AUTORELEASING = YES;
				CLANG_WARN_BOOL_CONVERSION = YES;
				CLANG_WARN_COMMA = YES;
				CLANG_WARN_CONSTANT_CONVERSION = YES;
				CLANG_WARN_DEPRECATED_OBJC_IMPLEMENTATIONS = YES;
				CLANG_WARN_DIRECT_OBJC_ISA_USAGE = YES_ERROR;
				CLANG_WARN_DOCUMENTATION_COMMENTS = YES;
				CLANG_WARN_EMPTY_BODY = YES;
				CLANG_WARN_ENUM_CONVERSION = YES;
				CLANG_WARN_INFINITE_RECURSION = YES;
				CLANG_WARN_INT_CONVERSION = YES;
				CLANG_WARN_NON_LITERAL_NULL_CONVERSION = YES;
				CLANG_WARN_OBJC_IMPLICIT_RETAIN_SELF = YES;
				CLANG_WARN_OBJC_LITERAL_CONVERSION = YES;
				CLANG_WARN_OBJC_ROOT_CLASS = YES_ERROR;
				CLANG_WARN_RANGE_LOOP_ANALYSIS = YES;
				CLANG_WARN_STRICT_PROTOTYPES = YES;
				CLANG_WARN_SUSPICIOUS_MOVE = YES;
				CLANG_WARN_UNGUARDED_AVAILABILITY = YES_AGGRESSIVE;
				CLANG_WARN_UNREACHABLE_CODE = YES;
				CLANG_WARN__DUPLICATE_METHOD_MATCH = YES;
				COPY_PHASE_STRIP = NO;
				DEBUG_INFORMATION_FORMAT = dwarf;
				ENABLE_STRICT_OBJC_MSGSEND = YES;
				ENABLE_TESTABILITY = YES;
				GCC_C_LANGUAGE_STANDARD = gnu11;
				GCC_DYNAMIC_NO_PIC = NO;
				GCC_NO_COMMON_BLOCKS = YES;
				GCC_OPTIMIZATION_LEVEL = 0;
				GCC_PREPROCESSOR_DEFINITIONS = (
					"DEBUG=1",
					"$(inherited)",
				);
				GCC_WARN_64_TO_32_BIT_CONVERSION = YES;
				GCC_WARN_ABOUT_RETURN_TYPE = YES_ERROR;
				GCC_WARN_UNDECLARED_SELECTOR = YES;
				GCC_WARN_UNINITIALIZED_AUTOS = YES_AGGRESSIVE;
				GCC_WARN_UNUSED_FUNCTION = YES;
				GCC_WARN_UNUSED_VARIABLE = YES;
				IPHONEOS_DEPLOYMENT_TARGET = 13.4;
				MTL_ENABLE_DEBUG_INFO = INCLUDE_SOURCE;
				MTL_FAST_MATH = YES;
				ONLY_ACTIVE_ARCH = YES;
				SDKROOT = iphoneos;
				SWIFT_ACTIVE_COMPILATION_CONDITIONS = DEBUG;
				SWIFT_OPTIMIZATION_LEVEL = "-Onone";
			};
			name = Debug;
		};
		A1F24EAB244CB876007AF4FF /* Release */ = {
			isa = XCBuildConfiguration;
			buildSettings = {
				ALWAYS_SEARCH_USER_PATHS = NO;
				CLANG_ANALYZER_NONNULL = YES;
				CLANG_ANALYZER_NUMBER_OBJECT_CONVERSION = YES_AGGRESSIVE;
				CLANG_CXX_LANGUAGE_STANDARD = "gnu++14";
				CLANG_CXX_LIBRARY = "libc++";
				CLANG_ENABLE_MODULES = YES;
				CLANG_ENABLE_OBJC_ARC = YES;
				CLANG_ENABLE_OBJC_WEAK = YES;
				CLANG_WARN_BLOCK_CAPTURE_AUTORELEASING = YES;
				CLANG_WARN_BOOL_CONVERSION = YES;
				CLANG_WARN_COMMA = YES;
				CLANG_WARN_CONSTANT_CONVERSION = YES;
				CLANG_WARN_DEPRECATED_OBJC_IMPLEMENTATIONS = YES;
				CLANG_WARN_DIRECT_OBJC_ISA_USAGE = YES_ERROR;
				CLANG_WARN_DOCUMENTATION_COMMENTS = YES;
				CLANG_WARN_EMPTY_BODY = YES;
				CLANG_WARN_ENUM_CONVERSION = YES;
				CLANG_WARN_INFINITE_RECURSION = YES;
				CLANG_WARN_INT_CONVERSION = YES;
				CLANG_WARN_NON_LITERAL_NULL_CONVERSION = YES;
				CLANG_WARN_OBJC_IMPLICIT_RETAIN_SELF = YES;
				CLANG_WARN_OBJC_LITERAL_CONVERSION = YES;
				CLANG_WARN_OBJC_ROOT_CLASS = YES_ERROR;
				CLANG_WARN_RANGE_LOOP_ANALYSIS = YES;
				CLANG_WARN_STRICT_PROTOTYPES = YES;
				CLANG_WARN_SUSPICIOUS_MOVE = YES;
				CLANG_WARN_UNGUARDED_AVAILABILITY = YES_AGGRESSIVE;
				CLANG_WARN_UNREACHABLE_CODE = YES;
				CLANG_WARN__DUPLICATE_METHOD_MATCH = YES;
				COPY_PHASE_STRIP = NO;
				DEBUG_INFORMATION_FORMAT = "dwarf-with-dsym";
				ENABLE_NS_ASSERTIONS = NO;
				ENABLE_STRICT_OBJC_MSGSEND = YES;
				GCC_C_LANGUAGE_STANDARD = gnu11;
				GCC_NO_COMMON_BLOCKS = YES;
				GCC_WARN_64_TO_32_BIT_CONVERSION = YES;
				GCC_WARN_ABOUT_RETURN_TYPE = YES_ERROR;
				GCC_WARN_UNDECLARED_SELECTOR = YES;
				GCC_WARN_UNINITIALIZED_AUTOS = YES_AGGRESSIVE;
				GCC_WARN_UNUSED_FUNCTION = YES;
				GCC_WARN_UNUSED_VARIABLE = YES;
				IPHONEOS_DEPLOYMENT_TARGET = 13.4;
				MTL_ENABLE_DEBUG_INFO = NO;
				MTL_FAST_MATH = YES;
				SDKROOT = iphoneos;
				SWIFT_COMPILATION_MODE = wholemodule;
				SWIFT_OPTIMIZATION_LEVEL = "-O";
				VALIDATE_PRODUCT = YES;
			};
			name = Release;
		};
		A1F24EAD244CB876007AF4FF /* Debug */ = {
			isa = XCBuildConfiguration;
			buildSettings = {
				ASSETCATALOG_COMPILER_APPICON_NAME = AppIcon;
				CODE_SIGN_STYLE = Automatic;
				DEVELOPMENT_ASSET_PATHS = "\"Fresh Food/Preview Content\"";
				DEVELOPMENT_TEAM = 48AX4GN775;
				ENABLE_PREVIEWS = YES;
				INFOPLIST_FILE = "Fresh Food/Info.plist";
				LD_RUNPATH_SEARCH_PATHS = (
					"$(inherited)",
					"@executable_path/Frameworks",
				);
				PRODUCT_BUNDLE_IDENTIFIER = "sajan.Fresh-Food";
				PRODUCT_NAME = "$(TARGET_NAME)";
				SWIFT_VERSION = 5.0;
				TARGETED_DEVICE_FAMILY = "1,2";
			};
			name = Debug;
		};
		A1F24EAE244CB876007AF4FF /* Release */ = {
			isa = XCBuildConfiguration;
			buildSettings = {
				ASSETCATALOG_COMPILER_APPICON_NAME = AppIcon;
				CODE_SIGN_STYLE = Automatic;
				DEVELOPMENT_ASSET_PATHS = "\"Fresh Food/Preview Content\"";
				DEVELOPMENT_TEAM = 48AX4GN775;
				ENABLE_PREVIEWS = YES;
				INFOPLIST_FILE = "Fresh Food/Info.plist";
				LD_RUNPATH_SEARCH_PATHS = (
					"$(inherited)",
					"@executable_path/Frameworks",
				);
				PRODUCT_BUNDLE_IDENTIFIER = "sajan.Fresh-Food";
				PRODUCT_NAME = "$(TARGET_NAME)";
				SWIFT_VERSION = 5.0;
				TARGETED_DEVICE_FAMILY = "1,2";
			};
			name = Release;
		};
		A1F24EB0244CB876007AF4FF /* Debug */ = {
			isa = XCBuildConfiguration;
			buildSettings = {
				ALWAYS_EMBED_SWIFT_STANDARD_LIBRARIES = YES;
				BUNDLE_LOADER = "$(TEST_HOST)";
				CODE_SIGN_STYLE = Automatic;
				DEVELOPMENT_TEAM = 48AX4GN775;
				INFOPLIST_FILE = "Fresh FoodTests/Info.plist";
				IPHONEOS_DEPLOYMENT_TARGET = 13.4;
				LD_RUNPATH_SEARCH_PATHS = (
					"$(inherited)",
					"@executable_path/Frameworks",
					"@loader_path/Frameworks",
				);
				PRODUCT_BUNDLE_IDENTIFIER = "sajan.Fresh-FoodTests";
				PRODUCT_NAME = "$(TARGET_NAME)";
				SWIFT_VERSION = 5.0;
				TARGETED_DEVICE_FAMILY = "1,2";
				TEST_HOST = "$(BUILT_PRODUCTS_DIR)/Fresh Food.app/Fresh Food";
			};
			name = Debug;
		};
		A1F24EB1244CB876007AF4FF /* Release */ = {
			isa = XCBuildConfiguration;
			buildSettings = {
				ALWAYS_EMBED_SWIFT_STANDARD_LIBRARIES = YES;
				BUNDLE_LOADER = "$(TEST_HOST)";
				CODE_SIGN_STYLE = Automatic;
				DEVELOPMENT_TEAM = 48AX4GN775;
				INFOPLIST_FILE = "Fresh FoodTests/Info.plist";
				IPHONEOS_DEPLOYMENT_TARGET = 13.4;
				LD_RUNPATH_SEARCH_PATHS = (
					"$(inherited)",
					"@executable_path/Frameworks",
					"@loader_path/Frameworks",
				);
				PRODUCT_BUNDLE_IDENTIFIER = "sajan.Fresh-FoodTests";
				PRODUCT_NAME = "$(TARGET_NAME)";
				SWIFT_VERSION = 5.0;
				TARGETED_DEVICE_FAMILY = "1,2";
				TEST_HOST = "$(BUILT_PRODUCTS_DIR)/Fresh Food.app/Fresh Food";
			};
			name = Release;
		};
		A1F24EB3244CB876007AF4FF /* Debug */ = {
			isa = XCBuildConfiguration;
			buildSettings = {
				ALWAYS_EMBED_SWIFT_STANDARD_LIBRARIES = YES;
				CODE_SIGN_STYLE = Automatic;
				DEVELOPMENT_TEAM = 48AX4GN775;
				INFOPLIST_FILE = "Fresh FoodUITests/Info.plist";
				LD_RUNPATH_SEARCH_PATHS = (
					"$(inherited)",
					"@executable_path/Frameworks",
					"@loader_path/Frameworks",
				);
				PRODUCT_BUNDLE_IDENTIFIER = "sajan.Fresh-FoodUITests";
				PRODUCT_NAME = "$(TARGET_NAME)";
				SWIFT_VERSION = 5.0;
				TARGETED_DEVICE_FAMILY = "1,2";
				TEST_TARGET_NAME = "Fresh Food";
			};
			name = Debug;
		};
		A1F24EB4244CB876007AF4FF /* Release */ = {
			isa = XCBuildConfiguration;
			buildSettings = {
				ALWAYS_EMBED_SWIFT_STANDARD_LIBRARIES = YES;
				CODE_SIGN_STYLE = Automatic;
				DEVELOPMENT_TEAM = 48AX4GN775;
				INFOPLIST_FILE = "Fresh FoodUITests/Info.plist";
				LD_RUNPATH_SEARCH_PATHS = (
					"$(inherited)",
					"@executable_path/Frameworks",
					"@loader_path/Frameworks",
				);
				PRODUCT_BUNDLE_IDENTIFIER = "sajan.Fresh-FoodUITests";
				PRODUCT_NAME = "$(TARGET_NAME)";
				SWIFT_VERSION = 5.0;
				TARGETED_DEVICE_FAMILY = "1,2";
				TEST_TARGET_NAME = "Fresh Food";
			};
			name = Release;
		};
/* End XCBuildConfiguration section */

/* Begin XCConfigurationList section */
		A1F24E7D244CB873007AF4FF /* Build configuration list for PBXProject "Fresh Food" */ = {
			isa = XCConfigurationList;
			buildConfigurations = (
				A1F24EAA244CB876007AF4FF /* Debug */,
				A1F24EAB244CB876007AF4FF /* Release */,
			);
			defaultConfigurationIsVisible = 0;
			defaultConfigurationName = Release;
		};
		A1F24EAC244CB876007AF4FF /* Build configuration list for PBXNativeTarget "Fresh Food" */ = {
			isa = XCConfigurationList;
			buildConfigurations = (
				A1F24EAD244CB876007AF4FF /* Debug */,
				A1F24EAE244CB876007AF4FF /* Release */,
			);
			defaultConfigurationIsVisible = 0;
			defaultConfigurationName = Release;
		};
		A1F24EAF244CB876007AF4FF /* Build configuration list for PBXNativeTarget "Fresh FoodTests" */ = {
			isa = XCConfigurationList;
			buildConfigurations = (
				A1F24EB0244CB876007AF4FF /* Debug */,
				A1F24EB1244CB876007AF4FF /* Release */,
			);
			defaultConfigurationIsVisible = 0;
			defaultConfigurationName = Release;
		};
		A1F24EB2244CB876007AF4FF /* Build configuration list for PBXNativeTarget "Fresh FoodUITests" */ = {
			isa = XCConfigurationList;
			buildConfigurations = (
				A1F24EB3244CB876007AF4FF /* Debug */,
				A1F24EB4244CB876007AF4FF /* Release */,
			);
			defaultConfigurationIsVisible = 0;
			defaultConfigurationName = Release;
		};
/* End XCConfigurationList section */

/* Begin XCVersionGroup section */
		A146A3DD24578AA1005F0916 /* FreshFood.xcdatamodeld */ = {
			isa = XCVersionGroup;
			children = (
				A146A3DE24578AA1005F0916 /* FreshFood.xcdatamodel */,
			);
			currentVersion = A146A3DE24578AA1005F0916 /* FreshFood.xcdatamodel */;
			path = FreshFood.xcdatamodeld;
			sourceTree = "<group>";
			versionGroupType = wrapper.xcdatamodel;
		};
/* End XCVersionGroup section */
	};
	rootObject = A1F24E7A244CB873007AF4FF /* Project object */;
}
